{
  "name": "programmatic-tool-calls",
  "version": "1.0.0",
  "lockfileVersion": 3,
  "requires": true,
  "packages": {
    "": {
      "name": "programmatic-tool-calls",
      "version": "1.0.0",
      "dependencies": {
        "@nyariv/sandboxjs": "^0.9.6"
      }
    },
    "node_modules/@nyariv/sandboxjs": {
      "version": "0.9.6",
      "resolved": "https://registry.npmjs.org/@nyariv/sandboxjs/-/sandboxjs-0.9.6.tgz",
      "integrity": "sha512-KoYu1SHo1ymfpFN0i5UmMcOLmifpS80CHElXMklMA9po1EiEQLzEENgobXUiowM7wnqHJ33EIFQN2P2Z5cljyQ==",
      "license": "MIT"
    }
  }
}
